#MicroXplorer Configuration settings - do not modify
#Thu May 16 18:56:51 CEST 2013
File.Version=1
KeepUserPlacement=true
Mcu.Family=STM32F1
Mcu.IP0=SYS
Mcu.IP1=USART1
Mcu.IP2=USART2
Mcu.IPNb=3
Mcu.Name=STM32F101C(4-6)Tx
Mcu.Package=LQFP48
Mcu.Pin0=PA2
Mcu.Pin1=PA3
Mcu.Pin2=PA9
Mcu.Pin3=PA10
Mcu.Pin4=PA13
Mcu.Pin5=PA14
Mcu.Pin6=PA15
Mcu.Pin7=PB3
Mcu.Pin8=PB4
Mcu.PinsNb=9
PA10.Mode=Asynchronous
PA10.Signal=USART1_RX
PA13.Mode=JTAG(5-pin)
PA13.Signal=SYS_JTMS-SWDIO
PA14.Mode=JTAG(5-pin)
PA14.Signal=SYS_JTCK-SWCLK
PA15.Mode=JTAG(5-pin)
PA15.Signal=SYS_JTDI
PA2.Mode=Asynchronous
PA2.Signal=USART2_TX
PA3.Mode=Asynchronous
PA3.Signal=USART2_RX
PA9.Mode=Asynchronous
PA9.Signal=USART1_TX
PB3.Mode=JTAG(5-pin)
PB3.Signal=SYS_JTDO-TRACESWO
PB4.Mode=JTAG(5-pin)
PB4.Signal=SYS_JTRST
