#MicroXplorer Configuration settings - do not modify
#Thu May 16 17:43:56 CEST 2013
File.Version=1
KeepUserPlacement=true
Mcu.Family=STM32F0
Mcu.IP0=ADC
Mcu.IP1=TIM2
Mcu.IP2=USART1
Mcu.IP3=USART2
Mcu.IPNb=4
Mcu.Name=STM32F051C6Tx
Mcu.Package=LQFP48
Mcu.Pin0=PA0
Mcu.Pin1=PA1
Mcu.Pin10=PA9
Mcu.Pin11=PA10
Mcu.Pin2=PA2
Mcu.Pin3=PA3
Mcu.Pin4=PA6
Mcu.Pin5=PA7
Mcu.Pin6=PB0
Mcu.Pin7=PB1
Mcu.Pin8=PB14
Mcu.Pin9=PB15
Mcu.PinsNb=12
PA0.Mode=PWM-Input-1
PA0.Signal=TIM2_CH1_ETR
PA1.Signal=GPIO_Output
PA10.Mode=Asynchronous
PA10.Signal=USART1_RX
PA2.Mode=Asynchronous
PA2.Signal=USART2_TX
PA3.Mode=Asynchronous
PA3.Signal=USART2_RX
PA6.Mode=IN6
PA6.Signal=ADC_IN6
PA7.Mode=IN7
PA7.Signal=ADC_IN7
PA9.Mode=Asynchronous
PA9.Signal=USART1_TX
PB0.Mode=IN8
PB0.Signal=ADC_IN8
PB1.Mode=IN9
PB1.Signal=ADC_IN9
PB14.Signal=GPIO_Output
PB15.Signal=GPIO_Output
